// !$*UTF8*$!
{
	archiveVersion = 1;
	classes = {
	};
	objectVersion = 46;
	objects = {

/* Begin PBXBuildFile section */
		2955F0981BEE57AF00648BB4 /* HealthKit.framework in Frameworks */ = {isa = PBXBuildFile; fileRef = 2955F0971BEE57AF00648BB4 /* HealthKit.framework */; };
		2955F09A1BEE59D400648BB4 /* HealthKit.framework in Frameworks */ = {isa = PBXBuildFile; fileRef = 2955F0991BEE59D400648BB4 /* HealthKit.framework */; };
		888E6F581BEE437400DBC93C /* File in Resources */ = {isa = PBXBuildFile; fileRef = 888E6F571BEE437400DBC93C /* File */; };
		888E6F591BEE437400DBC93C /* File in Resources */ = {isa = PBXBuildFile; fileRef = 888E6F571BEE437400DBC93C /* File */; };
		888E6F5A1BEE437400DBC93C /* File in Resources */ = {isa = PBXBuildFile; fileRef = 888E6F571BEE437400DBC93C /* File */; };
		888E6F601BEE438500DBC93C /* File in Resources */ = {isa = PBXBuildFile; fileRef = 888E6F5F1BEE438500DBC93C /* File */; };
		888E6F611BEE438500DBC93C /* File in Resources */ = {isa = PBXBuildFile; fileRef = 888E6F5F1BEE438500DBC93C /* File */; };
		888E6F621BEE438500DBC93C /* File in Resources */ = {isa = PBXBuildFile; fileRef = 888E6F5F1BEE438500DBC93C /* File */; };
		888F878E1BEE3AE700D7B673 /* main.m in Sources */ = {isa = PBXBuildFile; fileRef = 888F878D1BEE3AE700D7B673 /* main.m */; };
		888F87911BEE3AE700D7B673 /* AppDelegate.m in Sources */ = {isa = PBXBuildFile; fileRef = 888F87901BEE3AE700D7B673 /* AppDelegate.m */; };
		888F879A1BEE3AE700D7B673 /* PanicAttack.xcdatamodeld in Sources */ = {isa = PBXBuildFile; fileRef = 888F87981BEE3AE700D7B673 /* PanicAttack.xcdatamodeld */; };
		888F879C1BEE3AE700D7B673 /* Assets.xcassets in Resources */ = {isa = PBXBuildFile; fileRef = 888F879B1BEE3AE700D7B673 /* Assets.xcassets */; };
		888F879F1BEE3AE700D7B673 /* LaunchScreen.storyboard in Resources */ = {isa = PBXBuildFile; fileRef = 888F879D1BEE3AE700D7B673 /* LaunchScreen.storyboard */; };
		888F87AC1BEE3BEE00D7B673 /* Interface.storyboard in Resources */ = {isa = PBXBuildFile; fileRef = 888F87AA1BEE3BEE00D7B673 /* Interface.storyboard */; };
		888F87AE1BEE3BEE00D7B673 /* Assets.xcassets in Resources */ = {isa = PBXBuildFile; fileRef = 888F87AD1BEE3BEE00D7B673 /* Assets.xcassets */; };
		888F87B51BEE3BEE00D7B673 /* PanicAttack Watch Extension.appex in Embed App Extensions */ = {isa = PBXBuildFile; fileRef = 888F87B41BEE3BEE00D7B673 /* PanicAttack Watch Extension.appex */; settings = {ATTRIBUTES = (RemoveHeadersOnCopy, ); }; };
		888F87BB1BEE3BEE00D7B673 /* InterfaceController.m in Sources */ = {isa = PBXBuildFile; fileRef = 888F87BA1BEE3BEE00D7B673 /* InterfaceController.m */; };
		888F87BE1BEE3BEE00D7B673 /* ExtensionDelegate.m in Sources */ = {isa = PBXBuildFile; fileRef = 888F87BD1BEE3BEE00D7B673 /* ExtensionDelegate.m */; };
		888F87C11BEE3BEE00D7B673 /* GlanceController.m in Sources */ = {isa = PBXBuildFile; fileRef = 888F87C01BEE3BEE00D7B673 /* GlanceController.m */; };
		888F87C31BEE3BEE00D7B673 /* Assets.xcassets in Resources */ = {isa = PBXBuildFile; fileRef = 888F87C21BEE3BEE00D7B673 /* Assets.xcassets */; };
		888F87C71BEE3BEE00D7B673 /* PanicAttack Watch.app in Embed Watch Content */ = {isa = PBXBuildFile; fileRef = 888F87A81BEE3BEE00D7B673 /* PanicAttack Watch.app */; };
		A725AAD71BEE4E2C009A8544 /* CoreDataHandler.m in Sources */ = {isa = PBXBuildFile; fileRef = A725AAD61BEE4E2C009A8544 /* CoreDataHandler.m */; settings = {ASSET_TAGS = (); }; };
		A725AADD1BEE51C3009A8544 /* UserProfile.m in Sources */ = {isa = PBXBuildFile; fileRef = A725AADC1BEE51C3009A8544 /* UserProfile.m */; settings = {ASSET_TAGS = (); }; };
		A725AAE01BEE5250009A8544 /* DataHandler.m in Sources */ = {isa = PBXBuildFile; fileRef = A725AADF1BEE5250009A8544 /* DataHandler.m */; settings = {ASSET_TAGS = (); }; };
		A725AB1B1BEE5572009A8544 /* User+CoreDataProperties.m in Sources */ = {isa = PBXBuildFile; fileRef = A725AB0B1BEE5572009A8544 /* User+CoreDataProperties.m */; settings = {ASSET_TAGS = (); }; };
		A725AB1C1BEE5572009A8544 /* User.m in Sources */ = {isa = PBXBuildFile; fileRef = A725AB0D1BEE5572009A8544 /* User.m */; settings = {ASSET_TAGS = (); }; };
		A725AB1D1BEE5572009A8544 /* Symptom+CoreDataProperties.m in Sources */ = {isa = PBXBuildFile; fileRef = A725AB0F1BEE5572009A8544 /* Symptom+CoreDataProperties.m */; settings = {ASSET_TAGS = (); }; };
		A725AB1E1BEE5572009A8544 /* Symptom.m in Sources */ = {isa = PBXBuildFile; fileRef = A725AB111BEE5572009A8544 /* Symptom.m */; settings = {ASSET_TAGS = (); }; };
		A725AB1F1BEE5572009A8544 /* Event.m in Sources */ = {isa = PBXBuildFile; fileRef = A725AB151BEE5572009A8544 /* Event.m */; settings = {ASSET_TAGS = (); }; };
		A725AB211BEE5572009A8544 /* Medication+CoreDataProperties.m in Sources */ = {isa = PBXBuildFile; fileRef = A725AB181BEE5572009A8544 /* Medication+CoreDataProperties.m */; settings = {ASSET_TAGS = (); }; };
		A725AB221BEE5572009A8544 /* Medication.m in Sources */ = {isa = PBXBuildFile; fileRef = A725AB1A1BEE5572009A8544 /* Medication.m */; settings = {ASSET_TAGS = (); }; };
		A725AB251BEE6B46009A8544 /* Event+CoreDataProperties.m in Sources */ = {isa = PBXBuildFile; fileRef = A725AB241BEE6B46009A8544 /* Event+CoreDataProperties.m */; settings = {ASSET_TAGS = (); }; };
/* End PBXBuildFile section */

/* Begin PBXContainerItemProxy section */
		888F87B61BEE3BEE00D7B673 /* PBXContainerItemProxy */ = {
			isa = PBXContainerItemProxy;
			containerPortal = 888F87811BEE3AE700D7B673 /* Project object */;
			proxyType = 1;
			remoteGlobalIDString = 888F87B31BEE3BEE00D7B673;
			remoteInfo = "PanicAttack Watch Extension";
		};
		888F87C51BEE3BEE00D7B673 /* PBXContainerItemProxy */ = {
			isa = PBXContainerItemProxy;
			containerPortal = 888F87811BEE3AE700D7B673 /* Project object */;
			proxyType = 1;
			remoteGlobalIDString = 888F87A71BEE3BEE00D7B673;
			remoteInfo = "PanicAttack Watch";
		};
/* End PBXContainerItemProxy section */

/* Begin PBXCopyFilesBuildPhase section */
		888F87CB1BEE3BEE00D7B673 /* Embed App Extensions */ = {
			isa = PBXCopyFilesBuildPhase;
			buildActionMask = 2147483647;
			dstPath = "";
			dstSubfolderSpec = 13;
			files = (
				888F87B51BEE3BEE00D7B673 /* PanicAttack Watch Extension.appex in Embed App Extensions */,
			);
			name = "Embed App Extensions";
			runOnlyForDeploymentPostprocessing = 0;
		};
		888F87CF1BEE3BEE00D7B673 /* Embed Watch Content */ = {
			isa = PBXCopyFilesBuildPhase;
			buildActionMask = 2147483647;
			dstPath = "$(CONTENTS_FOLDER_PATH)/Watch";
			dstSubfolderSpec = 16;
			files = (
				888F87C71BEE3BEE00D7B673 /* PanicAttack Watch.app in Embed Watch Content */,
			);
			name = "Embed Watch Content";
			runOnlyForDeploymentPostprocessing = 0;
		};
/* End PBXCopyFilesBuildPhase section */

/* Begin PBXFileReference section */
		29240CD71BEE4A4200B0DD7E /* PanicAttack.entitlements */ = {isa = PBXFileReference; lastKnownFileType = text.xml; path = PanicAttack.entitlements; sourceTree = "<group>"; };
		29240CDB1BEE4A9900B0DD7E /* PanicAttack Watch.entitlements */ = {isa = PBXFileReference; lastKnownFileType = text.xml; path = "PanicAttack Watch.entitlements"; sourceTree = "<group>"; };
		29240CDC1BEE4AB100B0DD7E /* PanicAttack Watch Extension.entitlements */ = {isa = PBXFileReference; lastKnownFileType = text.xml; path = "PanicAttack Watch Extension.entitlements"; sourceTree = "<group>"; };
		2955F0971BEE57AF00648BB4 /* HealthKit.framework */ = {isa = PBXFileReference; lastKnownFileType = wrapper.framework; name = HealthKit.framework; path = Platforms/WatchOS.platform/Developer/SDKs/WatchOS2.0.sdk/System/Library/Frameworks/HealthKit.framework; sourceTree = DEVELOPER_DIR; };
		2955F0991BEE59D400648BB4 /* HealthKit.framework */ = {isa = PBXFileReference; lastKnownFileType = wrapper.framework; name = HealthKit.framework; path = System/Library/Frameworks/HealthKit.framework; sourceTree = SDKROOT; };
		888E6F571BEE437400DBC93C /* File */ = {isa = PBXFileReference; fileEncoding = 4; lastKnownFileType = text; path = File; sourceTree = "<group>"; };
		888E6F5F1BEE438500DBC93C /* File */ = {isa = PBXFileReference; fileEncoding = 4; lastKnownFileType = text; path = File; sourceTree = "<group>"; };
		888F87891BEE3AE700D7B673 /* PanicAttack.app */ = {isa = PBXFileReference; explicitFileType = wrapper.application; includeInIndex = 0; path = PanicAttack.app; sourceTree = BUILT_PRODUCTS_DIR; };
		888F878D1BEE3AE700D7B673 /* main.m */ = {isa = PBXFileReference; lastKnownFileType = sourcecode.c.objc; path = main.m; sourceTree = "<group>"; };
		888F878F1BEE3AE700D7B673 /* AppDelegate.h */ = {isa = PBXFileReference; lastKnownFileType = sourcecode.c.h; path = AppDelegate.h; sourceTree = "<group>"; };
		888F87901BEE3AE700D7B673 /* AppDelegate.m */ = {isa = PBXFileReference; lastKnownFileType = sourcecode.c.objc; path = AppDelegate.m; sourceTree = "<group>"; };
		888F87991BEE3AE700D7B673 /* PanicAttack.xcdatamodel */ = {isa = PBXFileReference; lastKnownFileType = wrapper.xcdatamodel; path = PanicAttack.xcdatamodel; sourceTree = "<group>"; };
		888F879B1BEE3AE700D7B673 /* Assets.xcassets */ = {isa = PBXFileReference; lastKnownFileType = folder.assetcatalog; path = Assets.xcassets; sourceTree = "<group>"; };
		888F879E1BEE3AE700D7B673 /* Base */ = {isa = PBXFileReference; lastKnownFileType = file.storyboard; name = Base; path = Base.lproj/LaunchScreen.storyboard; sourceTree = "<group>"; };
		888F87A01BEE3AE700D7B673 /* Info.plist */ = {isa = PBXFileReference; lastKnownFileType = text.plist.xml; path = Info.plist; sourceTree = "<group>"; };
		888F87A81BEE3BEE00D7B673 /* PanicAttack Watch.app */ = {isa = PBXFileReference; explicitFileType = wrapper.application; includeInIndex = 0; path = "PanicAttack Watch.app"; sourceTree = BUILT_PRODUCTS_DIR; };
		888F87AB1BEE3BEE00D7B673 /* Base */ = {isa = PBXFileReference; lastKnownFileType = file.storyboard; name = Base; path = Base.lproj/Interface.storyboard; sourceTree = "<group>"; };
		888F87AD1BEE3BEE00D7B673 /* Assets.xcassets */ = {isa = PBXFileReference; lastKnownFileType = folder.assetcatalog; path = Assets.xcassets; sourceTree = "<group>"; };
		888F87AF1BEE3BEE00D7B673 /* Info.plist */ = {isa = PBXFileReference; lastKnownFileType = text.plist.xml; path = Info.plist; sourceTree = "<group>"; };
		888F87B41BEE3BEE00D7B673 /* PanicAttack Watch Extension.appex */ = {isa = PBXFileReference; explicitFileType = "wrapper.app-extension"; includeInIndex = 0; path = "PanicAttack Watch Extension.appex"; sourceTree = BUILT_PRODUCTS_DIR; };
		888F87B91BEE3BEE00D7B673 /* InterfaceController.h */ = {isa = PBXFileReference; lastKnownFileType = sourcecode.c.h; path = InterfaceController.h; sourceTree = "<group>"; };
		888F87BA1BEE3BEE00D7B673 /* InterfaceController.m */ = {isa = PBXFileReference; lastKnownFileType = sourcecode.c.objc; path = InterfaceController.m; sourceTree = "<group>"; };
		888F87BC1BEE3BEE00D7B673 /* ExtensionDelegate.h */ = {isa = PBXFileReference; lastKnownFileType = sourcecode.c.h; path = ExtensionDelegate.h; sourceTree = "<group>"; };
		888F87BD1BEE3BEE00D7B673 /* ExtensionDelegate.m */ = {isa = PBXFileReference; lastKnownFileType = sourcecode.c.objc; path = ExtensionDelegate.m; sourceTree = "<group>"; };
		888F87BF1BEE3BEE00D7B673 /* GlanceController.h */ = {isa = PBXFileReference; lastKnownFileType = sourcecode.c.h; path = GlanceController.h; sourceTree = "<group>"; };
		888F87C01BEE3BEE00D7B673 /* GlanceController.m */ = {isa = PBXFileReference; lastKnownFileType = sourcecode.c.objc; path = GlanceController.m; sourceTree = "<group>"; };
		888F87C21BEE3BEE00D7B673 /* Assets.xcassets */ = {isa = PBXFileReference; lastKnownFileType = folder.assetcatalog; path = Assets.xcassets; sourceTree = "<group>"; };
		888F87C41BEE3BEE00D7B673 /* Info.plist */ = {isa = PBXFileReference; lastKnownFileType = text.plist.xml; path = Info.plist; sourceTree = "<group>"; };
		A725AAD51BEE4E2C009A8544 /* CoreDataHandler.h */ = {isa = PBXFileReference; fileEncoding = 4; lastKnownFileType = sourcecode.c.h; path = CoreDataHandler.h; sourceTree = "<group>"; };
		A725AAD61BEE4E2C009A8544 /* CoreDataHandler.m */ = {isa = PBXFileReference; fileEncoding = 4; lastKnownFileType = sourcecode.c.objc; path = CoreDataHandler.m; sourceTree = "<group>"; };
		A725AADB1BEE51C3009A8544 /* UserProfile.h */ = {isa = PBXFileReference; fileEncoding = 4; lastKnownFileType = sourcecode.c.h; path = UserProfile.h; sourceTree = "<group>"; };
		A725AADC1BEE51C3009A8544 /* UserProfile.m */ = {isa = PBXFileReference; fileEncoding = 4; lastKnownFileType = sourcecode.c.objc; path = UserProfile.m; sourceTree = "<group>"; };
		A725AADE1BEE5250009A8544 /* DataHandler.h */ = {isa = PBXFileReference; fileEncoding = 4; lastKnownFileType = sourcecode.c.h; path = DataHandler.h; sourceTree = "<group>"; };
		A725AADF1BEE5250009A8544 /* DataHandler.m */ = {isa = PBXFileReference; fileEncoding = 4; lastKnownFileType = sourcecode.c.objc; path = DataHandler.m; sourceTree = "<group>"; };
		A725AB0B1BEE5572009A8544 /* User+CoreDataProperties.m */ = {isa = PBXFileReference; fileEncoding = 4; lastKnownFileType = sourcecode.c.objc; path = "User+CoreDataProperties.m"; sourceTree = "<group>"; };
		A725AB0C1BEE5572009A8544 /* User+CoreDataProperties.h */ = {isa = PBXFileReference; fileEncoding = 4; lastKnownFileType = sourcecode.c.h; path = "User+CoreDataProperties.h"; sourceTree = "<group>"; };
		A725AB0D1BEE5572009A8544 /* User.m */ = {isa = PBXFileReference; fileEncoding = 4; lastKnownFileType = sourcecode.c.objc; path = User.m; sourceTree = "<group>"; };
		A725AB0E1BEE5572009A8544 /* User.h */ = {isa = PBXFileReference; fileEncoding = 4; lastKnownFileType = sourcecode.c.h; path = User.h; sourceTree = "<group>"; };
		A725AB0F1BEE5572009A8544 /* Symptom+CoreDataProperties.m */ = {isa = PBXFileReference; fileEncoding = 4; lastKnownFileType = sourcecode.c.objc; path = "Symptom+CoreDataProperties.m"; sourceTree = "<group>"; };
		A725AB101BEE5572009A8544 /* Symptom+CoreDataProperties.h */ = {isa = PBXFileReference; fileEncoding = 4; lastKnownFileType = sourcecode.c.h; path = "Symptom+CoreDataProperties.h"; sourceTree = "<group>"; };
		A725AB111BEE5572009A8544 /* Symptom.m */ = {isa = PBXFileReference; fileEncoding = 4; lastKnownFileType = sourcecode.c.objc; path = Symptom.m; sourceTree = "<group>"; };
		A725AB121BEE5572009A8544 /* Symptom.h */ = {isa = PBXFileReference; fileEncoding = 4; lastKnownFileType = sourcecode.c.h; path = Symptom.h; sourceTree = "<group>"; };
		A725AB131BEE5572009A8544 /* Medication+CoreDataProperties.h */ = {isa = PBXFileReference; fileEncoding = 4; lastKnownFileType = sourcecode.c.h; path = "Medication+CoreDataProperties.h"; sourceTree = "<group>"; };
		A725AB151BEE5572009A8544 /* Event.m */ = {isa = PBXFileReference; fileEncoding = 4; lastKnownFileType = sourcecode.c.objc; path = Event.m; sourceTree = "<group>"; };
		A725AB161BEE5572009A8544 /* Event.h */ = {isa = PBXFileReference; fileEncoding = 4; lastKnownFileType = sourcecode.c.h; path = Event.h; sourceTree = "<group>"; };
		A725AB181BEE5572009A8544 /* Medication+CoreDataProperties.m */ = {isa = PBXFileReference; fileEncoding = 4; lastKnownFileType = sourcecode.c.objc; path = "Medication+CoreDataProperties.m"; sourceTree = "<group>"; };
		A725AB191BEE5572009A8544 /* Medication.h */ = {isa = PBXFileReference; fileEncoding = 4; lastKnownFileType = sourcecode.c.h; path = Medication.h; sourceTree = "<group>"; };
		A725AB1A1BEE5572009A8544 /* Medication.m */ = {isa = PBXFileReference; fileEncoding = 4; lastKnownFileType = sourcecode.c.objc; path = Medication.m; sourceTree = "<group>"; };
		A725AB231BEE6B46009A8544 /* Event+CoreDataProperties.h */ = {isa = PBXFileReference; fileEncoding = 4; lastKnownFileType = sourcecode.c.h; path = "Event+CoreDataProperties.h"; sourceTree = "<group>"; };
		A725AB241BEE6B46009A8544 /* Event+CoreDataProperties.m */ = {isa = PBXFileReference; fileEncoding = 4; lastKnownFileType = sourcecode.c.objc; path = "Event+CoreDataProperties.m"; sourceTree = "<group>"; };
/* End PBXFileReference section */

/* Begin PBXFrameworksBuildPhase section */
		888F87861BEE3AE700D7B673 /* Frameworks */ = {
			isa = PBXFrameworksBuildPhase;
			buildActionMask = 2147483647;
			files = (
				2955F09A1BEE59D400648BB4 /* HealthKit.framework in Frameworks */,
			);
			runOnlyForDeploymentPostprocessing = 0;
		};
		888F87B11BEE3BEE00D7B673 /* Frameworks */ = {
			isa = PBXFrameworksBuildPhase;
			buildActionMask = 2147483647;
			files = (
				2955F0981BEE57AF00648BB4 /* HealthKit.framework in Frameworks */,
			);
			runOnlyForDeploymentPostprocessing = 0;
		};
/* End PBXFrameworksBuildPhase section */

/* Begin PBXGroup section */
		29240CDA1BEE4A6500B0DD7E /* Frameworks */ = {
			isa = PBXGroup;
			children = (
				2955F0991BEE59D400648BB4 /* HealthKit.framework */,
			);
			name = Frameworks;
			sourceTree = "<group>";
		};
		29240CDF1BEE4B9F00B0DD7E /* Frameworks */ = {
			isa = PBXGroup;
			children = (
				2955F0971BEE57AF00648BB4 /* HealthKit.framework */,
			);
			name = Frameworks;
			sourceTree = "<group>";
		};
		29240CE01BEE4BC100B0DD7E /* Supporting Files */ = {
			isa = PBXGroup;
			children = (
				888F87C41BEE3BEE00D7B673 /* Info.plist */,
				29240CDC1BEE4AB100B0DD7E /* PanicAttack Watch Extension.entitlements */,
			);
			name = "Supporting Files";
			sourceTree = "<group>";
		};
		888F87801BEE3AE700D7B673 = {
			isa = PBXGroup;
			children = (
				888F878B1BEE3AE700D7B673 /* PanicAttack */,
				888F87A91BEE3BEE00D7B673 /* PanicAttack Watch */,
				888F87B81BEE3BEE00D7B673 /* PanicAttack Watch Extension */,
				888F878A1BEE3AE700D7B673 /* Products */,
			);
			sourceTree = "<group>";
		};
		888F878A1BEE3AE700D7B673 /* Products */ = {
			isa = PBXGroup;
			children = (
				888F87891BEE3AE700D7B673 /* PanicAttack.app */,
				888F87A81BEE3BEE00D7B673 /* PanicAttack Watch.app */,
				888F87B41BEE3BEE00D7B673 /* PanicAttack Watch Extension.appex */,
			);
			name = Products;
			sourceTree = "<group>";
		};
		888F878B1BEE3AE700D7B673 /* PanicAttack */ = {
			isa = PBXGroup;
			children = (
				888F87D31BEE3F8B00D7B673 /* Classes */,
				888F878F1BEE3AE700D7B673 /* AppDelegate.h */,
				888F87901BEE3AE700D7B673 /* AppDelegate.m */,
				888F879B1BEE3AE700D7B673 /* Assets.xcassets */,
				888F879D1BEE3AE700D7B673 /* LaunchScreen.storyboard */,
				888F87981BEE3AE700D7B673 /* PanicAttack.xcdatamodeld */,
				888F878C1BEE3AE700D7B673 /* Supporting Files */,
				29240CDA1BEE4A6500B0DD7E /* Frameworks */,
			);
			path = PanicAttack;
			sourceTree = "<group>";
		};
		888F878C1BEE3AE700D7B673 /* Supporting Files */ = {
			isa = PBXGroup;
			children = (
				888F87A01BEE3AE700D7B673 /* Info.plist */,
				29240CD71BEE4A4200B0DD7E /* PanicAttack.entitlements */,
				888F878D1BEE3AE700D7B673 /* main.m */,
			);
			name = "Supporting Files";
			sourceTree = "<group>";
		};
		888F87A91BEE3BEE00D7B673 /* PanicAttack Watch */ = {
			isa = PBXGroup;
			children = (
				29240CDB1BEE4A9900B0DD7E /* PanicAttack Watch.entitlements */,
				888F87AA1BEE3BEE00D7B673 /* Interface.storyboard */,
				888F87AD1BEE3BEE00D7B673 /* Assets.xcassets */,
				888F87AF1BEE3BEE00D7B673 /* Info.plist */,
			);
			path = "PanicAttack Watch";
			sourceTree = "<group>";
		};
		888F87B81BEE3BEE00D7B673 /* PanicAttack Watch Extension */ = {
			isa = PBXGroup;
			children = (
				888F87B91BEE3BEE00D7B673 /* InterfaceController.h */,
				888F87BA1BEE3BEE00D7B673 /* InterfaceController.m */,
				888F87BC1BEE3BEE00D7B673 /* ExtensionDelegate.h */,
				888F87BD1BEE3BEE00D7B673 /* ExtensionDelegate.m */,
				888F87BF1BEE3BEE00D7B673 /* GlanceController.h */,
				888F87C01BEE3BEE00D7B673 /* GlanceController.m */,
				888F87C21BEE3BEE00D7B673 /* Assets.xcassets */,
				29240CE01BEE4BC100B0DD7E /* Supporting Files */,
				29240CDF1BEE4B9F00B0DD7E /* Frameworks */,
			);
			path = "PanicAttack Watch Extension";
			sourceTree = "<group>";
		};
		888F87D31BEE3F8B00D7B673 /* Classes */ = {
			isa = PBXGroup;
			children = (
				888F87D41BEE3F8B00D7B673 /* Controller */,
				888F87D51BEE3F8B00D7B673 /* Model */,
				888F87D61BEE3F8B00D7B673 /* View */,
			);
			path = Classes;
			sourceTree = "<group>";
		};
		888F87D41BEE3F8B00D7B673 /* Controller */ = {
			isa = PBXGroup;
			children = (
				888E6F571BEE437400DBC93C /* File */,
			);
			path = Controller;
			sourceTree = "<group>";
		};
		888F87D51BEE3F8B00D7B673 /* Model */ = {
			isa = PBXGroup;
			children = (
				A725AABC1BEE4D56009A8544 /* DataObjects */,
				A725AAD51BEE4E2C009A8544 /* CoreDataHandler.h */,
				A725AAD61BEE4E2C009A8544 /* CoreDataHandler.m */,
				A725AADB1BEE51C3009A8544 /* UserProfile.h */,
				A725AADC1BEE51C3009A8544 /* UserProfile.m */,
				A725AADE1BEE5250009A8544 /* DataHandler.h */,
				A725AADF1BEE5250009A8544 /* DataHandler.m */,
			);
			path = Model;
			sourceTree = "<group>";
		};
		888F87D61BEE3F8B00D7B673 /* View */ = {
			isa = PBXGroup;
			children = (
				888E6F5F1BEE438500DBC93C /* File */,
			);
			path = View;
			sourceTree = "<group>";
		};
		A725AABC1BEE4D56009A8544 /* DataObjects */ = {
			isa = PBXGroup;
			children = (
				A725AB0B1BEE5572009A8544 /* User+CoreDataProperties.m */,
				A725AB0C1BEE5572009A8544 /* User+CoreDataProperties.h */,
				A725AB0D1BEE5572009A8544 /* User.m */,
				A725AB0E1BEE5572009A8544 /* User.h */,
				A725AB0F1BEE5572009A8544 /* Symptom+CoreDataProperties.m */,
				A725AB101BEE5572009A8544 /* Symptom+CoreDataProperties.h */,
				A725AB111BEE5572009A8544 /* Symptom.m */,
				A725AB121BEE5572009A8544 /* Symptom.h */,
				A725AB231BEE6B46009A8544 /* Event+CoreDataProperties.h */,
				A725AB241BEE6B46009A8544 /* Event+CoreDataProperties.m */,
				A725AB151BEE5572009A8544 /* Event.m */,
				A725AB161BEE5572009A8544 /* Event.h */,
				A725AB131BEE5572009A8544 /* Medication+CoreDataProperties.h */,
				A725AB181BEE5572009A8544 /* Medication+CoreDataProperties.m */,
				A725AB191BEE5572009A8544 /* Medication.h */,
				A725AB1A1BEE5572009A8544 /* Medication.m */,
			);
			path = DataObjects;
			sourceTree = "<group>";
		};
/* End PBXGroup section */

/* Begin PBXNativeTarget section */
		888F87881BEE3AE700D7B673 /* PanicAttack */ = {
			isa = PBXNativeTarget;
			buildConfigurationList = 888F87A31BEE3AE700D7B673 /* Build configuration list for PBXNativeTarget "PanicAttack" */;
			buildPhases = (
				888F87851BEE3AE700D7B673 /* Sources */,
				888F87861BEE3AE700D7B673 /* Frameworks */,
				888F87871BEE3AE700D7B673 /* Resources */,
				888F87CF1BEE3BEE00D7B673 /* Embed Watch Content */,
			);
			buildRules = (
			);
			dependencies = (
				888F87C61BEE3BEE00D7B673 /* PBXTargetDependency */,
			);
			name = PanicAttack;
			productName = PanicAttack;
			productReference = 888F87891BEE3AE700D7B673 /* PanicAttack.app */;
			productType = "com.apple.product-type.application";
		};
		888F87A71BEE3BEE00D7B673 /* PanicAttack Watch */ = {
			isa = PBXNativeTarget;
			buildConfigurationList = 888F87CC1BEE3BEE00D7B673 /* Build configuration list for PBXNativeTarget "PanicAttack Watch" */;
			buildPhases = (
				888F87A61BEE3BEE00D7B673 /* Resources */,
				888F87CB1BEE3BEE00D7B673 /* Embed App Extensions */,
			);
			buildRules = (
			);
			dependencies = (
				888F87B71BEE3BEE00D7B673 /* PBXTargetDependency */,
			);
			name = "PanicAttack Watch";
			productName = "PanicAttack Watch";
			productReference = 888F87A81BEE3BEE00D7B673 /* PanicAttack Watch.app */;
			productType = "com.apple.product-type.application.watchapp2";
		};
		888F87B31BEE3BEE00D7B673 /* PanicAttack Watch Extension */ = {
			isa = PBXNativeTarget;
			buildConfigurationList = 888F87C81BEE3BEE00D7B673 /* Build configuration list for PBXNativeTarget "PanicAttack Watch Extension" */;
			buildPhases = (
				888F87B01BEE3BEE00D7B673 /* Sources */,
				888F87B11BEE3BEE00D7B673 /* Frameworks */,
				888F87B21BEE3BEE00D7B673 /* Resources */,
			);
			buildRules = (
			);
			dependencies = (
			);
			name = "PanicAttack Watch Extension";
			productName = "PanicAttack Watch Extension";
			productReference = 888F87B41BEE3BEE00D7B673 /* PanicAttack Watch Extension.appex */;
			productType = "com.apple.product-type.watchkit2-extension";
		};
/* End PBXNativeTarget section */

/* Begin PBXProject section */
		888F87811BEE3AE700D7B673 /* Project object */ = {
			isa = PBXProject;
			attributes = {
				LastUpgradeCheck = 0710;
				ORGANIZATIONNAME = PanicTeam;
				TargetAttributes = {
					888F87881BEE3AE700D7B673 = {
						CreatedOnToolsVersion = 7.1;
						DevelopmentTeam = TMQ7PR2UWW;
						SystemCapabilities = {
							com.apple.ApplicationGroups.iOS = {
								enabled = 1;
							};
							com.apple.HealthKit = {
								enabled = 1;
							};
						};
					};
					888F87A71BEE3BEE00D7B673 = {
						CreatedOnToolsVersion = 7.1;
						DevelopmentTeam = TMQ7PR2UWW;
						SystemCapabilities = {
							com.apple.ApplicationGroups.iOS = {
								enabled = 1;
							};
						};
					};
					888F87B31BEE3BEE00D7B673 = {
						CreatedOnToolsVersion = 7.1;
						DevelopmentTeam = TMQ7PR2UWW;
						SystemCapabilities = {
							com.apple.ApplicationGroups.iOS = {
								enabled = 1;
							};
							com.apple.HealthKit = {
								enabled = 1;
							};
							com.apple.HomeKit = {
								enabled = 0;
							};
						};
					};
				};
			};
			buildConfigurationList = 888F87841BEE3AE700D7B673 /* Build configuration list for PBXProject "PanicAttack" */;
			compatibilityVersion = "Xcode 3.2";
			developmentRegion = English;
			hasScannedForEncodings = 0;
			knownRegions = (
				en,
				Base,
			);
			mainGroup = 888F87801BEE3AE700D7B673;
			productRefGroup = 888F878A1BEE3AE700D7B673 /* Products */;
			projectDirPath = "";
			projectRoot = "";
			targets = (
				888F87881BEE3AE700D7B673 /* PanicAttack */,
				888F87A71BEE3BEE00D7B673 /* PanicAttack Watch */,
				888F87B31BEE3BEE00D7B673 /* PanicAttack Watch Extension */,
			);
		};
/* End PBXProject section */

/* Begin PBXResourcesBuildPhase section */
		888F87871BEE3AE700D7B673 /* Resources */ = {
			isa = PBXResourcesBuildPhase;
			buildActionMask = 2147483647;
			files = (
				888F879F1BEE3AE700D7B673 /* LaunchScreen.storyboard in Resources */,
				888F879C1BEE3AE700D7B673 /* Assets.xcassets in Resources */,
				888E6F581BEE437400DBC93C /* File in Resources */,
				888E6F601BEE438500DBC93C /* File in Resources */,
			);
			runOnlyForDeploymentPostprocessing = 0;
		};
		888F87A61BEE3BEE00D7B673 /* Resources */ = {
			isa = PBXResourcesBuildPhase;
			buildActionMask = 2147483647;
			files = (
				888F87AE1BEE3BEE00D7B673 /* Assets.xcassets in Resources */,
				888F87AC1BEE3BEE00D7B673 /* Interface.storyboard in Resources */,
				888E6F591BEE437400DBC93C /* File in Resources */,
				888E6F611BEE438500DBC93C /* File in Resources */,
			);
			runOnlyForDeploymentPostprocessing = 0;
		};
		888F87B21BEE3BEE00D7B673 /* Resources */ = {
			isa = PBXResourcesBuildPhase;
			buildActionMask = 2147483647;
			files = (
				888E6F621BEE438500DBC93C /* File in Resources */,
				888E6F5A1BEE437400DBC93C /* File in Resources */,
				888F87C31BEE3BEE00D7B673 /* Assets.xcassets in Resources */,
			);
			runOnlyForDeploymentPostprocessing = 0;
		};
/* End PBXResourcesBuildPhase section */

/* Begin PBXSourcesBuildPhase section */
		888F87851BEE3AE700D7B673 /* Sources */ = {
			isa = PBXSourcesBuildPhase;
			buildActionMask = 2147483647;
			files = (
				A725AB1F1BEE5572009A8544 /* Event.m in Sources */,
				A725AB1C1BEE5572009A8544 /* User.m in Sources */,
				A725AB1B1BEE5572009A8544 /* User+CoreDataProperties.m in Sources */,
				A725AAD71BEE4E2C009A8544 /* CoreDataHandler.m in Sources */,
				888F87911BEE3AE700D7B673 /* AppDelegate.m in Sources */,
				A725AB221BEE5572009A8544 /* Medication.m in Sources */,
				888F878E1BEE3AE700D7B673 /* main.m in Sources */,
				A725AB1D1BEE5572009A8544 /* Symptom+CoreDataProperties.m in Sources */,
				A725AAE01BEE5250009A8544 /* DataHandler.m in Sources */,
				A725AB1E1BEE5572009A8544 /* Symptom.m in Sources */,
				A725AB251BEE6B46009A8544 /* Event+CoreDataProperties.m in Sources */,
				A725AADD1BEE51C3009A8544 /* UserProfile.m in Sources */,
				888F879A1BEE3AE700D7B673 /* PanicAttack.xcdatamodeld in Sources */,
				A725AB211BEE5572009A8544 /* Medication+CoreDataProperties.m in Sources */,
			);
			runOnlyForDeploymentPostprocessing = 0;
		};
		888F87B01BEE3BEE00D7B673 /* Sources */ = {
			isa = PBXSourcesBuildPhase;
			buildActionMask = 2147483647;
			files = (
				888F87BE1BEE3BEE00D7B673 /* ExtensionDelegate.m in Sources */,
				888F87BB1BEE3BEE00D7B673 /* InterfaceController.m in Sources */,
				888F87C11BEE3BEE00D7B673 /* GlanceController.m in Sources */,
			);
			runOnlyForDeploymentPostprocessing = 0;
		};
/* End PBXSourcesBuildPhase section */

/* Begin PBXTargetDependency section */
		888F87B71BEE3BEE00D7B673 /* PBXTargetDependency */ = {
			isa = PBXTargetDependency;
			target = 888F87B31BEE3BEE00D7B673 /* PanicAttack Watch Extension */;
			targetProxy = 888F87B61BEE3BEE00D7B673 /* PBXContainerItemProxy */;
		};
		888F87C61BEE3BEE00D7B673 /* PBXTargetDependency */ = {
			isa = PBXTargetDependency;
			target = 888F87A71BEE3BEE00D7B673 /* PanicAttack Watch */;
			targetProxy = 888F87C51BEE3BEE00D7B673 /* PBXContainerItemProxy */;
		};
/* End PBXTargetDependency section */

/* Begin PBXVariantGroup section */
		888F879D1BEE3AE700D7B673 /* LaunchScreen.storyboard */ = {
			isa = PBXVariantGroup;
			children = (
				888F879E1BEE3AE700D7B673 /* Base */,
			);
			name = LaunchScreen.storyboard;
			sourceTree = "<group>";
		};
		888F87AA1BEE3BEE00D7B673 /* Interface.storyboard */ = {
			isa = PBXVariantGroup;
			children = (
				888F87AB1BEE3BEE00D7B673 /* Base */,
			);
			name = Interface.storyboard;
			sourceTree = "<group>";
		};
/* End PBXVariantGroup section */

/* Begin XCBuildConfiguration section */
		888F87A11BEE3AE700D7B673 /* Debug */ = {
			isa = XCBuildConfiguration;
			buildSettings = {
				ALWAYS_SEARCH_USER_PATHS = NO;
				CLANG_CXX_LANGUAGE_STANDARD = "gnu++0x";
				CLANG_CXX_LIBRARY = "libc++";
				CLANG_ENABLE_MODULES = YES;
				CLANG_ENABLE_OBJC_ARC = YES;
				CLANG_WARN_BOOL_CONVERSION = YES;
				CLANG_WARN_CONSTANT_CONVERSION = YES;
				CLANG_WARN_DIRECT_OBJC_ISA_USAGE = YES_ERROR;
				CLANG_WARN_EMPTY_BODY = YES;
				CLANG_WARN_ENUM_CONVERSION = YES;
				CLANG_WARN_INT_CONVERSION = YES;
				CLANG_WARN_OBJC_ROOT_CLASS = YES_ERROR;
				CLANG_WARN_UNREACHABLE_CODE = YES;
				CLANG_WARN__DUPLICATE_METHOD_MATCH = YES;
				"CODE_SIGN_IDENTITY[sdk=iphoneos*]" = "iPhone Developer";
				COPY_PHASE_STRIP = NO;
				DEBUG_INFORMATION_FORMAT = dwarf;
				ENABLE_STRICT_OBJC_MSGSEND = YES;
				ENABLE_TESTABILITY = YES;
				GCC_C_LANGUAGE_STANDARD = gnu99;
				GCC_DYNAMIC_NO_PIC = NO;
				GCC_NO_COMMON_BLOCKS = YES;
				GCC_OPTIMIZATION_LEVEL = 0;
				GCC_PREPROCESSOR_DEFINITIONS = (
					"DEBUG=1",
					"$(inherited)",
				);
				GCC_WARN_64_TO_32_BIT_CONVERSION = YES;
				GCC_WARN_ABOUT_RETURN_TYPE = YES_ERROR;
				GCC_WARN_UNDECLARED_SELECTOR = YES;
				GCC_WARN_UNINITIALIZED_AUTOS = YES_AGGRESSIVE;
				GCC_WARN_UNUSED_FUNCTION = YES;
				GCC_WARN_UNUSED_VARIABLE = YES;
				IPHONEOS_DEPLOYMENT_TARGET = 8.0;
				MTL_ENABLE_DEBUG_INFO = YES;
				ONLY_ACTIVE_ARCH = YES;
				SDKROOT = iphoneos;
			};
			name = Debug;
		};
		888F87A21BEE3AE700D7B673 /* Release */ = {
			isa = XCBuildConfiguration;
			buildSettings = {
				ALWAYS_SEARCH_USER_PATHS = NO;
				CLANG_CXX_LANGUAGE_STANDARD = "gnu++0x";
				CLANG_CXX_LIBRARY = "libc++";
				CLANG_ENABLE_MODULES = YES;
				CLANG_ENABLE_OBJC_ARC = YES;
				CLANG_WARN_BOOL_CONVERSION = YES;
				CLANG_WARN_CONSTANT_CONVERSION = YES;
				CLANG_WARN_DIRECT_OBJC_ISA_USAGE = YES_ERROR;
				CLANG_WARN_EMPTY_BODY = YES;
				CLANG_WARN_ENUM_CONVERSION = YES;
				CLANG_WARN_INT_CONVERSION = YES;
				CLANG_WARN_OBJC_ROOT_CLASS = YES_ERROR;
				CLANG_WARN_UNREACHABLE_CODE = YES;
				CLANG_WARN__DUPLICATE_METHOD_MATCH = YES;
				"CODE_SIGN_IDENTITY[sdk=iphoneos*]" = "iPhone Developer";
				COPY_PHASE_STRIP = NO;
				DEBUG_INFORMATION_FORMAT = "dwarf-with-dsym";
				ENABLE_NS_ASSERTIONS = NO;
				ENABLE_STRICT_OBJC_MSGSEND = YES;
				GCC_C_LANGUAGE_STANDARD = gnu99;
				GCC_NO_COMMON_BLOCKS = YES;
				GCC_WARN_64_TO_32_BIT_CONVERSION = YES;
				GCC_WARN_ABOUT_RETURN_TYPE = YES_ERROR;
				GCC_WARN_UNDECLARED_SELECTOR = YES;
				GCC_WARN_UNINITIALIZED_AUTOS = YES_AGGRESSIVE;
				GCC_WARN_UNUSED_FUNCTION = YES;
				GCC_WARN_UNUSED_VARIABLE = YES;
				IPHONEOS_DEPLOYMENT_TARGET = 8.0;
				MTL_ENABLE_DEBUG_INFO = NO;
				SDKROOT = iphoneos;
				VALIDATE_PRODUCT = YES;
			};
			name = Release;
		};
		888F87A41BEE3AE700D7B673 /* Debug */ = {
			isa = XCBuildConfiguration;
			buildSettings = {
				ASSETCATALOG_COMPILER_APPICON_NAME = AppIcon;
				CODE_SIGN_ENTITLEMENTS = PanicAttack/PanicAttack.entitlements;
				CODE_SIGN_IDENTITY = "iPhone Developer";
				"CODE_SIGN_IDENTITY[sdk=iphoneos*]" = "iPhone Developer";
				INFOPLIST_FILE = PanicAttack/Info.plist;
				LD_RUNPATH_SEARCH_PATHS = "$(inherited) @executable_path/Frameworks";
				PRODUCT_BUNDLE_IDENTIFIER = com.3PillarGlobal.PanicAttack;
				PRODUCT_NAME = "$(TARGET_NAME)";
				PROVISIONING_PROFILE = "";
			};
			name = Debug;
		};
		888F87A51BEE3AE700D7B673 /* Release */ = {
			isa = XCBuildConfiguration;
			buildSettings = {
				ASSETCATALOG_COMPILER_APPICON_NAME = AppIcon;
				CODE_SIGN_ENTITLEMENTS = PanicAttack/PanicAttack.entitlements;
				CODE_SIGN_IDENTITY = "iPhone Developer";
				"CODE_SIGN_IDENTITY[sdk=iphoneos*]" = "iPhone Developer";
				INFOPLIST_FILE = PanicAttack/Info.plist;
				LD_RUNPATH_SEARCH_PATHS = "$(inherited) @executable_path/Frameworks";
				PRODUCT_BUNDLE_IDENTIFIER = com.3PillarGlobal.PanicAttack;
				PRODUCT_NAME = "$(TARGET_NAME)";
				PROVISIONING_PROFILE = "";
			};
			name = Release;
		};
		888F87C91BEE3BEE00D7B673 /* Debug */ = {
			isa = XCBuildConfiguration;
			buildSettings = {
				CODE_SIGN_ENTITLEMENTS = "PanicAttack Watch Extension/PanicAttack Watch Extension.entitlements";
				CODE_SIGN_IDENTITY = "iPhone Developer";
				"CODE_SIGN_IDENTITY[sdk=watchos*]" = "iPhone Developer";
				INFOPLIST_FILE = "PanicAttack Watch Extension/Info.plist";
				LD_RUNPATH_SEARCH_PATHS = "$(inherited) @executable_path/Frameworks @executable_path/../../Frameworks";
				PRODUCT_BUNDLE_IDENTIFIER = com.3PillarGlobal.PanicAttack.watchkitapp.watchkitextension;
				PRODUCT_NAME = "${TARGET_NAME}";
				PROVISIONING_PROFILE = "";
				SDKROOT = watchos;
				SKIP_INSTALL = YES;
				TARGETED_DEVICE_FAMILY = 4;
				WATCHOS_DEPLOYMENT_TARGET = 2.0;
			};
			name = Debug;
		};
		888F87CA1BEE3BEE00D7B673 /* Release */ = {
			isa = XCBuildConfiguration;
			buildSettings = {
				CODE_SIGN_ENTITLEMENTS = "PanicAttack Watch Extension/PanicAttack Watch Extension.entitlements";
				CODE_SIGN_IDENTITY = "iPhone Developer";
				"CODE_SIGN_IDENTITY[sdk=watchos*]" = "iPhone Developer";
				INFOPLIST_FILE = "PanicAttack Watch Extension/Info.plist";
				LD_RUNPATH_SEARCH_PATHS = "$(inherited) @executable_path/Frameworks @executable_path/../../Frameworks";
				PRODUCT_BUNDLE_IDENTIFIER = com.3PillarGlobal.PanicAttack.watchkitapp.watchkitextension;
				PRODUCT_NAME = "${TARGET_NAME}";
				PROVISIONING_PROFILE = "";
				SDKROOT = watchos;
				SKIP_INSTALL = YES;
				TARGETED_DEVICE_FAMILY = 4;
				WATCHOS_DEPLOYMENT_TARGET = 2.0;
			};
			name = Release;
		};
		888F87CD1BEE3BEE00D7B673 /* Debug */ = {
			isa = XCBuildConfiguration;
			buildSettings = {
				ASSETCATALOG_COMPILER_APPICON_NAME = AppIcon;
				CODE_SIGN_ENTITLEMENTS = "PanicAttack Watch/PanicAttack Watch.entitlements";
				CODE_SIGN_IDENTITY = "iPhone Developer";
				"CODE_SIGN_IDENTITY[sdk=watchos*]" = "iPhone Developer";
				IBSC_MODULE = PanicAttack_Watch_Extension;
				INFOPLIST_FILE = "PanicAttack Watch/Info.plist";
				PRODUCT_BUNDLE_IDENTIFIER = com.3PillarGlobal.PanicAttack.watchkitapp;
				PRODUCT_NAME = "$(TARGET_NAME)";
				PROVISIONING_PROFILE = "";
				SDKROOT = watchos;
				SKIP_INSTALL = YES;
				TARGETED_DEVICE_FAMILY = 4;
				WATCHOS_DEPLOYMENT_TARGET = 2.0;
			};
			name = Debug;
		};
		888F87CE1BEE3BEE00D7B673 /* Release */ = {
			isa = XCBuildConfiguration;
			buildSettings = {
				ASSETCATALOG_COMPILER_APPICON_NAME = AppIcon;
				CODE_SIGN_ENTITLEMENTS = "PanicAttack Watch/PanicAttack Watch.entitlements";
				CODE_SIGN_IDENTITY = "iPhone Developer";
				"CODE_SIGN_IDENTITY[sdk=watchos*]" = "iPhone Developer";
				IBSC_MODULE = PanicAttack_Watch_Extension;
				INFOPLIST_FILE = "PanicAttack Watch/Info.plist";
				PRODUCT_BUNDLE_IDENTIFIER = com.3PillarGlobal.PanicAttack.watchkitapp;
				PRODUCT_NAME = "$(TARGET_NAME)";
				PROVISIONING_PROFILE = "";
				SDKROOT = watchos;
				SKIP_INSTALL = YES;
				TARGETED_DEVICE_FAMILY = 4;
				WATCHOS_DEPLOYMENT_TARGET = 2.0;
			};
			name = Release;
		};
/* End XCBuildConfiguration section */

/* Begin XCConfigurationList section */
		888F87841BEE3AE700D7B673 /* Build configuration list for PBXProject "PanicAttack" */ = {
			isa = XCConfigurationList;
			buildConfigurations = (
				888F87A11BEE3AE700D7B673 /* Debug */,
				888F87A21BEE3AE700D7B673 /* Release */,
			);
			defaultConfigurationIsVisible = 0;
			defaultConfigurationName = Release;
		};
		888F87A31BEE3AE700D7B673 /* Build configuration list for PBXNativeTarget "PanicAttack" */ = {
			isa = XCConfigurationList;
			buildConfigurations = (
				888F87A41BEE3AE700D7B673 /* Debug */,
				888F87A51BEE3AE700D7B673 /* Release */,
			);
			defaultConfigurationIsVisible = 0;
			defaultConfigurationName = Release;
		};
		888F87C81BEE3BEE00D7B673 /* Build configuration list for PBXNativeTarget "PanicAttack Watch Extension" */ = {
			isa = XCConfigurationList;
			buildConfigurations = (
				888F87C91BEE3BEE00D7B673 /* Debug */,
				888F87CA1BEE3BEE00D7B673 /* Release */,
			);
			defaultConfigurationIsVisible = 0;
			defaultConfigurationName = Release;
		};
		888F87CC1BEE3BEE00D7B673 /* Build configuration list for PBXNativeTarget "PanicAttack Watch" */ = {
			isa = XCConfigurationList;
			buildConfigurations = (
				888F87CD1BEE3BEE00D7B673 /* Debug */,
				888F87CE1BEE3BEE00D7B673 /* Release */,
			);
			defaultConfigurationIsVisible = 0;
			defaultConfigurationName = Release;
		};
/* End XCConfigurationList section */

/* Begin XCVersionGroup section */
		888F87981BEE3AE700D7B673 /* PanicAttack.xcdatamodeld */ = {
			isa = XCVersionGroup;
			children = (
				888F87991BEE3AE700D7B673 /* PanicAttack.xcdatamodel */,
			);
			currentVersion = 888F87991BEE3AE700D7B673 /* PanicAttack.xcdatamodel */;
			path = PanicAttack.xcdatamodeld;
			sourceTree = "<group>";
			versionGroupType = wrapper.xcdatamodel;
		};
/* End XCVersionGroup section */
	};
	rootObject = 888F87811BEE3AE700D7B673 /* Project object */;
}
